{
    "version": 3,
    "terraform_version": "0.7.3",
    "serial": 77,
    "lineage": "e7d694f5-3900-4cc1-a355-c73ccd005bc9",
    "modules": [
        {
            "path": [
                "root"
            ],
            "outputs": {
                "bastion_ip": {
                    "sensitive": false,
                    "type": "string",
                    "value": "52.20.72.131"
                },
                "nat_ip": {
                    "sensitive": false,
                    "type": "string",
                    "value": "52.20.72.131"
                },
                "worker_ips": {
                    "sensitive": false,
                    "type": "list",
                    "value": [
                        "10.14.2.5"
                    ]
                }
            },
            "resources": {
                "aws_eip_association.bastion": {
                    "type": "aws_eip_association",
                    "depends_on": [
                        "aws_instance.bastion"
                    ],
                    "primary": {
                        "id": "eipassoc-20cf731c",
                        "attributes": {
                            "allocation_id": "eipalloc-89bacbb6",
                            "id": "eipassoc-20cf731c",
                            "instance_id": "i-073dbbac94189d0b0",
                            "network_interface_id": "eni-23ffb82c",
                            "private_ip_address": "10.14.1.5",
                            "public_ip": "52.20.72.131"
                        },
                        "meta": {},
                        "tainted": false
                    },
                    "deposed": [],
                    "provider": ""
                },
                "aws_instance.bastion": {
                    "type": "aws_instance",
                    "depends_on": [
                        "aws_internet_gateway.default",
                        "aws_key_pair.sirepo",
                        "aws_security_group.bastion",
                        "aws_subnet.public"
                    ],
                    "primary": {
                        "id": "i-073dbbac94189d0b0",
                        "attributes": {
                            "ami": "ami-3a468a57",
                            "availability_zone": "us-east-1e",
                            "disable_api_termination": "false",
                            "ebs_block_device.#": "0",
                            "ebs_optimized": "false",
                            "ephemeral_block_device.#": "0",
                            "iam_instance_profile": "",
                            "id": "i-073dbbac94189d0b0",
                            "instance_state": "running",
                            "instance_type": "t2.nano",
                            "key_name": "sirepo-key",
                            "monitoring": "false",
                            "network_interface_id": "eni-23ffb82c",
                            "private_dns": "ip-10-14-1-5.ec2.internal",
                            "private_ip": "10.14.1.5",
                            "public_dns": "ec2-52-20-72-131.compute-1.amazonaws.com",
                            "public_ip": "52.20.72.131",
                            "root_block_device.#": "1",
                            "root_block_device.0.delete_on_termination": "true",
                            "root_block_device.0.iops": "0",
                            "root_block_device.0.volume_size": "6",
                            "root_block_device.0.volume_type": "standard",
                            "security_groups.#": "0",
                            "source_dest_check": "true",
                            "subnet_id": "subnet-dc47ade0",
                            "tags.%": "1",
                            "tags.Name": "bastion",
                            "tenancy": "default",
                            "vpc_security_group_ids.#": "1",
                            "vpc_security_group_ids.2112681680": "sg-c52c60bf"
                        },
                        "meta": {
                            "schema_version": "1"
                        },
                        "tainted": false
                    },
                    "deposed": [],
                    "provider": ""
                },
                "aws_instance.worker": {
                    "type": "aws_instance",
                    "depends_on": [
                        "aws_instance.bastion",
                        "aws_instance.bastion",
                        "aws_instance.bastion",
                        "aws_instance.bastion",
                        "aws_instance.bastion",
                        "aws_internet_gateway.default",
                        "aws_key_pair.sirepo",
                        "aws_nat_gateway.default",
                        "aws_security_group.worker",
                        "aws_subnet.private"
                    ],
                    "primary": {
                        "id": "i-04c5ddb2ae2b21ea0",
                        "attributes": {
                            "ami": "ami-3a468a57",
                            "availability_zone": "us-east-1c",
                            "disable_api_termination": "false",
                            "ebs_block_device.#": "0",
                            "ebs_optimized": "false",
                            "ephemeral_block_device.#": "0",
                            "iam_instance_profile": "",
                            "id": "i-04c5ddb2ae2b21ea0",
                            "instance_state": "running",
                            "instance_type": "t2.nano",
                            "key_name": "sirepo-key",
                            "monitoring": "false",
                            "network_interface_id": "eni-d304d5cf",
                            "private_dns": "ip-10-14-2-5.ec2.internal",
                            "private_ip": "10.14.2.5",
                            "public_dns": "",
                            "public_ip": "",
                            "root_block_device.#": "1",
                            "root_block_device.0.delete_on_termination": "true",
                            "root_block_device.0.iops": "100",
                            "root_block_device.0.volume_size": "30",
                            "root_block_device.0.volume_type": "gp2",
                            "security_groups.#": "0",
                            "source_dest_check": "true",
                            "subnet_id": "subnet-8c15e6d7",
                            "tags.%": "1",
                            "tags.Name": "worker-0",
                            "tenancy": "default",
                            "vpc_security_group_ids.#": "1",
                            "vpc_security_group_ids.811187792": "sg-b32c60c9"
                        },
                        "meta": {
                            "schema_version": "1"
                        },
                        "tainted": false
                    },
                    "deposed": [],
                    "provider": ""
                },
                "aws_internet_gateway.default": {
                    "type": "aws_internet_gateway",
                    "depends_on": [
                        "aws_vpc.default"
                    ],
                    "primary": {
                        "id": "igw-8a07f5ed",
                        "attributes": {
                            "id": "igw-8a07f5ed",
                            "tags.%": "0",
                            "vpc_id": "vpc-210d2146"
                        },
                        "meta": {},
                        "tainted": false
                    },
                    "deposed": [],
                    "provider": ""
                },
                "aws_key_pair.sirepo": {
                    "type": "aws_key_pair",
                    "depends_on": [],
                    "primary": {
                        "id": "sirepo-key",
                        "attributes": {
                            "fingerprint": "5a:26:f8:c6:8b:b2:14:77:10:ae:c0:28:6e:12:27:f5",
                            "id": "sirepo-key",
                            "key_name": "sirepo-key",
                            "public_key": "ssh-rsa AAAAB3NzaC1yc2EAAAADAQABAAACAQCj/lHNdgUBX8j9/nFye7TpTyXGPT9+jB7wv7Gf01QGhQfuB4Ct1+Lg34GnrPnAS/ujbUo2pqzvo4sMaftRlOmC0NKh5OopQsv14EerRECDjm8nGW7HMbhI2z4tTwwemS0/EwQSTI91G9dvn01vz8nozSQrHguDijDTAA7FuZ4Rqzkhivgc/34qyQN8OQUZES1psfZpS6eVN4g05ozEsSXp543j4BJgTmCJJX8VSf3r1u20QxoPEP0urrNEjuCdcDgq9ZbTZn7wVYtjAWd+uVuUcoN74JVdqD4EVcNSz7nQZ1eAxiqqeFXkUFu22tnSqRgNYpchnasftAICU+a0/5wJMsKkFr/e99yorYdfX8GefxZI8oVc5QFNzAqjpQuuoTTBSFhT5GE2FKJcAtV8WYTcABMDPAaKbB7TuFX3CayWBidsjPeIp0OTT1nJ9FFBqlhT3FVGPvp48/62K8nP1jwmGPIOqft5rijP21zMA1UE4DGVyRUfgbBX9HdbHZEnqX50Gxtt45tjw1KjnqJGyi8XgUTuPGMKIUZ7JNLcNlwGoC8yYGvl/KmURMQUZ132VweWSgjS6aYFPpieaOvJ6pSd1upsSUY4gEsjEj5QcNcoGCXMVSSiZ8WY5afIO5emvxPBeRGElIWVf7CP+fBBxv4/pXVI0S9AxR43YWrSbtPNCw== elventear@dolguldur.lan"
                        },
                        "meta": {
                            "schema_version": "1"
                        },
                        "tainted": false
                    },
                    "deposed": [],
                    "provider": ""
                },
                "aws_nat_gateway.default": {
                    "type": "aws_nat_gateway",
                    "depends_on": [
                        "aws_subnet.public"
                    ],
                    "primary": {
                        "id": "nat-0f5a701391c0f3ae2",
                        "attributes": {
                            "allocation_id": "eipalloc-d9bdc9e6",
                            "id": "nat-0f5a701391c0f3ae2",
                            "network_interface_id": "eni-21ffb82e",
                            "private_ip": "10.14.1.144",
                            "public_ip": "52.7.49.242",
                            "subnet_id": "subnet-dc47ade0"
                        },
                        "meta": {},
                        "tainted": false
                    },
                    "deposed": [],
                    "provider": ""
                },
                "aws_route_table.private": {
                    "type": "aws_route_table",
                    "depends_on": [
                        "aws_nat_gateway.default",
                        "aws_vpc.default"
                    ],
                    "primary": {
                        "id": "rtb-c15bd6a7",
                        "attributes": {
                            "id": "rtb-c15bd6a7",
                            "propagating_vgws.#": "0",
                            "route.#": "1",
                            "route.2645939549.cidr_block": "0.0.0.0/0",
                            "route.2645939549.gateway_id": "",
                            "route.2645939549.instance_id": "",
                            "route.2645939549.nat_gateway_id": "nat-0f5a701391c0f3ae2",
                            "route.2645939549.network_interface_id": "",
                            "route.2645939549.vpc_peering_connection_id": "",
                            "tags.%": "1",
                            "tags.Name": "private",
                            "vpc_id": "vpc-210d2146"
                        },
                        "meta": {},
                        "tainted": false
                    },
                    "deposed": [],
                    "provider": ""
                },
                "aws_route_table.public": {
                    "type": "aws_route_table",
                    "depends_on": [
                        "aws_internet_gateway.default",
                        "aws_vpc.default"
                    ],
                    "primary": {
                        "id": "rtb-9258d5f4",
                        "attributes": {
                            "id": "rtb-9258d5f4",
                            "propagating_vgws.#": "0",
                            "route.#": "1",
                            "route.3824299184.cidr_block": "0.0.0.0/0",
                            "route.3824299184.gateway_id": "igw-8a07f5ed",
                            "route.3824299184.instance_id": "",
                            "route.3824299184.nat_gateway_id": "",
                            "route.3824299184.network_interface_id": "",
                            "route.3824299184.vpc_peering_connection_id": "",
                            "tags.%": "1",
                            "tags.Name": "public",
                            "vpc_id": "vpc-210d2146"
                        },
                        "meta": {},
                        "tainted": false
                    },
                    "deposed": [],
                    "provider": ""
                },
                "aws_route_table_association.private": {
                    "type": "aws_route_table_association",
                    "depends_on": [
                        "aws_route_table.private",
                        "aws_subnet.private"
                    ],
                    "primary": {
                        "id": "rtbassoc-beca74c7",
                        "attributes": {
                            "id": "rtbassoc-beca74c7",
                            "route_table_id": "rtb-c15bd6a7",
                            "subnet_id": "subnet-8c15e6d7"
                        },
                        "meta": {},
                        "tainted": false
                    },
                    "deposed": [],
                    "provider": ""
                },
                "aws_route_table_association.public": {
                    "type": "aws_route_table_association",
                    "depends_on": [
                        "aws_route_table.public",
                        "aws_subnet.public"
                    ],
                    "primary": {
                        "id": "rtbassoc-94cd73ed",
                        "attributes": {
                            "id": "rtbassoc-94cd73ed",
                            "route_table_id": "rtb-9258d5f4",
                            "subnet_id": "subnet-dc47ade0"
                        },
                        "meta": {},
                        "tainted": false
                    },
                    "deposed": [],
                    "provider": ""
                },
                "aws_security_group.bastion": {
                    "type": "aws_security_group",
                    "depends_on": [
                        "aws_vpc.default"
                    ],
                    "primary": {
                        "id": "sg-c52c60bf",
                        "attributes": {
                            "description": "bastion server security group",
                            "egress.#": "1",
                            "egress.482069346.cidr_blocks.#": "1",
                            "egress.482069346.cidr_blocks.0": "0.0.0.0/0",
                            "egress.482069346.from_port": "0",
                            "egress.482069346.prefix_list_ids.#": "0",
                            "egress.482069346.protocol": "-1",
                            "egress.482069346.security_groups.#": "0",
                            "egress.482069346.self": "false",
                            "egress.482069346.to_port": "0",
                            "id": "sg-c52c60bf",
                            "ingress.#": "2",
                            "ingress.2541437006.cidr_blocks.#": "1",
                            "ingress.2541437006.cidr_blocks.0": "0.0.0.0/0",
                            "ingress.2541437006.from_port": "22",
                            "ingress.2541437006.protocol": "tcp",
                            "ingress.2541437006.security_groups.#": "0",
                            "ingress.2541437006.self": "false",
                            "ingress.2541437006.to_port": "22",
                            "ingress.3068409405.cidr_blocks.#": "1",
                            "ingress.3068409405.cidr_blocks.0": "0.0.0.0/0",
                            "ingress.3068409405.from_port": "8",
                            "ingress.3068409405.protocol": "icmp",
                            "ingress.3068409405.security_groups.#": "0",
                            "ingress.3068409405.self": "false",
                            "ingress.3068409405.to_port": "0",
                            "name": "bastion",
                            "owner_id": "442341722630",
                            "tags.%": "1",
                            "tags.Name": "bastion",
                            "vpc_id": "vpc-210d2146"
                        },
                        "meta": {},
                        "tainted": false
                    },
                    "deposed": [],
                    "provider": ""
                },
                "aws_security_group.worker": {
                    "type": "aws_security_group",
                    "depends_on": [
                        "aws_security_group.bastion",
                        "aws_vpc.default"
                    ],
                    "primary": {
                        "id": "sg-b32c60c9",
                        "attributes": {
                            "description": "worker servers security group",
                            "egress.#": "1",
                            "egress.482069346.cidr_blocks.#": "1",
                            "egress.482069346.cidr_blocks.0": "0.0.0.0/0",
                            "egress.482069346.from_port": "0",
                            "egress.482069346.prefix_list_ids.#": "0",
                            "egress.482069346.protocol": "-1",
                            "egress.482069346.security_groups.#": "0",
                            "egress.482069346.self": "false",
                            "egress.482069346.to_port": "0",
                            "id": "sg-b32c60c9",
                            "ingress.#": "2",
                            "ingress.1279272736.cidr_blocks.#": "0",
                            "ingress.1279272736.from_port": "22",
                            "ingress.1279272736.protocol": "tcp",
                            "ingress.1279272736.security_groups.#": "1",
                            "ingress.1279272736.security_groups.2112681680": "sg-c52c60bf",
                            "ingress.1279272736.self": "false",
                            "ingress.1279272736.to_port": "22",
                            "ingress.4046780547.cidr_blocks.#": "0",
                            "ingress.4046780547.from_port": "8",
                            "ingress.4046780547.protocol": "icmp",
                            "ingress.4046780547.security_groups.#": "1",
                            "ingress.4046780547.security_groups.2112681680": "sg-c52c60bf",
                            "ingress.4046780547.self": "false",
                            "ingress.4046780547.to_port": "0",
                            "name": "worker",
                            "owner_id": "442341722630",
                            "tags.%": "1",
                            "tags.Name": "worker",
                            "vpc_id": "vpc-210d2146"
                        },
                        "meta": {},
                        "tainted": false
                    },
                    "deposed": [],
                    "provider": ""
                },
                "aws_subnet.private": {
                    "type": "aws_subnet",
                    "depends_on": [
                        "aws_vpc.default"
                    ],
                    "primary": {
                        "id": "subnet-8c15e6d7",
                        "attributes": {
                            "availability_zone": "us-east-1c",
                            "cidr_block": "10.14.2.0/24",
                            "id": "subnet-8c15e6d7",
                            "map_public_ip_on_launch": "false",
                            "tags.%": "1",
                            "tags.Name": "private",
                            "vpc_id": "vpc-210d2146"
                        },
                        "meta": {},
                        "tainted": false
                    },
                    "deposed": [],
                    "provider": ""
                },
                "aws_subnet.public": {
                    "type": "aws_subnet",
                    "depends_on": [
                        "aws_vpc.default"
                    ],
                    "primary": {
                        "id": "subnet-dc47ade0",
                        "attributes": {
                            "availability_zone": "us-east-1e",
                            "cidr_block": "10.14.1.0/24",
                            "id": "subnet-dc47ade0",
                            "map_public_ip_on_launch": "false",
                            "tags.%": "1",
                            "tags.Name": "public",
                            "vpc_id": "vpc-210d2146"
                        },
                        "meta": {},
                        "tainted": false
                    },
                    "deposed": [],
                    "provider": ""
                },
                "aws_vpc.default": {
                    "type": "aws_vpc",
                    "depends_on": [],
                    "primary": {
                        "id": "vpc-210d2146",
                        "attributes": {
                            "cidr_block": "10.14.0.0/16",
                            "default_network_acl_id": "acl-0ae90c6c",
                            "default_route_table_id": "rtb-8858d5ee",
                            "default_security_group_id": "sg-cf2c60b5",
                            "dhcp_options_id": "dopt-555b8f31",
                            "enable_classiclink": "false",
                            "enable_dns_hostnames": "true",
                            "enable_dns_support": "true",
                            "id": "vpc-210d2146",
                            "instance_tenancy": "default",
                            "main_route_table_id": "rtb-8858d5ee",
                            "tags.%": "1",
                            "tags.Name": "sirepo"
                        },
                        "meta": {},
                        "tainted": false
                    },
                    "deposed": [],
                    "provider": ""
                }
            },
            "depends_on": []
        }
    ]
}
